
Microsoft Visual Studio Solution File, Format Version 12.00
# Visual Studio Version 16
VisualStudioVersion = 16.0.30330.147
MinimumVisualStudioVersion = 10.0.40219.1
Project("{2150E333-8FDC-42A3-9474-1A3956D46DE8}") = "Microservices", "Microservices", "{2A44953D-8729-49FA-82A6-3831FAE1A902}"
EndProject
Project("{2150E333-8FDC-42A3-9474-1A3956D46DE8}") = "Domain", "Domain", "{ADD0C0FF-E596-490B-A141-BC404D83AD3F}"
EndProject
Project("{2150E333-8FDC-42A3-9474-1A3956D46DE8}") = "Infra.Bus", "Infra.Bus", "{54B73769-E01C-4C57-AB53-D501B901AC91}"
EndProject
Project("{2150E333-8FDC-42A3-9474-1A3956D46DE8}") = "Infra.IoC", "Infra.IoC", "{E9ADC344-0471-4B4E-BC3F-7C23DCDBE10D}"
EndProject
Project("{2150E333-8FDC-42A3-9474-1A3956D46DE8}") = "Presentation", "Presentation", "{AD506396-1CA6-4B5F-8645-990664407D4B}"
EndProject
Project("{FAE04EC0-301F-11D3-BF4B-00C04F79EFBC}") = "MicroRabbit.Domain.Core", "MicroRabbit.Domain.Core\MicroRabbit.Domain.Core.csproj", "{6D5DDE4E-BD47-4FE9-864A-FC215D8A119E}"
EndProject
Project("{FAE04EC0-301F-11D3-BF4B-00C04F79EFBC}") = "MicroRabbit.Infra.Bus", "MicroRabbit.Infra.Bus\MicroRabbit.Infra.Bus.csproj", "{B87EF95C-4809-4DB9-BE36-CD16AD56174F}"
EndProject
Global
	GlobalSection(SolutionConfigurationPlatforms) = preSolution
		Debug|Any CPU = Debug|Any CPU
		Release|Any CPU = Release|Any CPU
	EndGlobalSection
	GlobalSection(ProjectConfigurationPlatforms) = postSolution
		{6D5DDE4E-BD47-4FE9-864A-FC215D8A119E}.Debug|Any CPU.ActiveCfg = Debug|Any CPU
		{6D5DDE4E-BD47-4FE9-864A-FC215D8A119E}.Debug|Any CPU.Build.0 = Debug|Any CPU
		{6D5DDE4E-BD47-4FE9-864A-FC215D8A119E}.Release|Any CPU.ActiveCfg = Release|Any CPU
		{6D5DDE4E-BD47-4FE9-864A-FC215D8A119E}.Release|Any CPU.Build.0 = Release|Any CPU
		{B87EF95C-4809-4DB9-BE36-CD16AD56174F}.Debug|Any CPU.ActiveCfg = Debug|Any CPU
		{B87EF95C-4809-4DB9-BE36-CD16AD56174F}.Debug|Any CPU.Build.0 = Debug|Any CPU
		{B87EF95C-4809-4DB9-BE36-CD16AD56174F}.Release|Any CPU.ActiveCfg = Release|Any CPU
		{B87EF95C-4809-4DB9-BE36-CD16AD56174F}.Release|Any CPU.Build.0 = Release|Any CPU
	EndGlobalSection
	GlobalSection(SolutionProperties) = preSolution
		HideSolutionNode = FALSE
	EndGlobalSection
	GlobalSection(NestedProjects) = preSolution
		{6D5DDE4E-BD47-4FE9-864A-FC215D8A119E} = {ADD0C0FF-E596-490B-A141-BC404D83AD3F}
		{B87EF95C-4809-4DB9-BE36-CD16AD56174F} = {54B73769-E01C-4C57-AB53-D501B901AC91}
	EndGlobalSection
	GlobalSection(ExtensibilityGlobals) = postSolution
		SolutionGuid = {03ACFFE3-1AC0-451D-8B95-D0E3008EFC40}
	EndGlobalSection
EndGlobal
